
Microsoft Visual Studio Solution File, Format Version 12.00
# Visual Studio Version 17
VisualStudioVersion = 17.14.36705.20
MinimumVisualStudioVersion = 10.0.40219.1
Project("{FAE04EC0-301F-11D3-BF4B-00C04F79EFBC}") = "VentasPOS", "VentasPOS\VentasPOS.csproj", "{41F61746-765B-4EC0-9C6F-CB9CA2028BFF}"
EndProject
Project("{FAE04EC0-301F-11D3-BF4B-00C04F79EFBC}") = "VentasPOS.API", "VentasPOS.API\VentasPOS.API.csproj", "{DA825EA3-8F0E-4D69-8215-C233D1B0720E}"
EndProject
Project("{FAE04EC0-301F-11D3-BF4B-00C04F79EFBC}") = "VentasPOS.Domain", "VentasPOS.Domain\VentasPOS.Domain.csproj", "{BDE90990-C907-4B28-8C44-CCD1A52876D3}"
EndProject
Project("{FAE04EC0-301F-11D3-BF4B-00C04F79EFBC}") = "VentasPOS.Application", "VentasPOS.Application\VentasPOS.Application.csproj", "{D10A9048-2140-4F75-A7B6-0DDEC9EB5112}"
EndProject
Project("{FAE04EC0-301F-11D3-BF4B-00C04F79EFBC}") = "VentasPOS.Infraestructure", "VentasPOS.Infraestructure\VentasPOS.Infraestructure.csproj", "{EDCD510C-0D97-45B7-8C0E-68F59166E33A}"
EndProject
Global
	GlobalSection(SolutionConfigurationPlatforms) = preSolution
		Debug|Any CPU = Debug|Any CPU
		Release|Any CPU = Release|Any CPU
	EndGlobalSection
	GlobalSection(ProjectConfigurationPlatforms) = postSolution
		{41F61746-765B-4EC0-9C6F-CB9CA2028BFF}.Debug|Any CPU.ActiveCfg = Debug|Any CPU
		{41F61746-765B-4EC0-9C6F-CB9CA2028BFF}.Debug|Any CPU.Build.0 = Debug|Any CPU
		{41F61746-765B-4EC0-9C6F-CB9CA2028BFF}.Release|Any CPU.ActiveCfg = Release|Any CPU
		{41F61746-765B-4EC0-9C6F-CB9CA2028BFF}.Release|Any CPU.Build.0 = Release|Any CPU
		{DA825EA3-8F0E-4D69-8215-C233D1B0720E}.Debug|Any CPU.ActiveCfg = Debug|Any CPU
		{DA825EA3-8F0E-4D69-8215-C233D1B0720E}.Debug|Any CPU.Build.0 = Debug|Any CPU
		{DA825EA3-8F0E-4D69-8215-C233D1B0720E}.Release|Any CPU.ActiveCfg = Release|Any CPU
		{DA825EA3-8F0E-4D69-8215-C233D1B0720E}.Release|Any CPU.Build.0 = Release|Any CPU
		{BDE90990-C907-4B28-8C44-CCD1A52876D3}.Debug|Any CPU.ActiveCfg = Debug|Any CPU
		{BDE90990-C907-4B28-8C44-CCD1A52876D3}.Debug|Any CPU.Build.0 = Debug|Any CPU
		{BDE90990-C907-4B28-8C44-CCD1A52876D3}.Release|Any CPU.ActiveCfg = Release|Any CPU
		{BDE90990-C907-4B28-8C44-CCD1A52876D3}.Release|Any CPU.Build.0 = Release|Any CPU
		{D10A9048-2140-4F75-A7B6-0DDEC9EB5112}.Debug|Any CPU.ActiveCfg = Debug|Any CPU
		{D10A9048-2140-4F75-A7B6-0DDEC9EB5112}.Debug|Any CPU.Build.0 = Debug|Any CPU
		{D10A9048-2140-4F75-A7B6-0DDEC9EB5112}.Release|Any CPU.ActiveCfg = Release|Any CPU
		{D10A9048-2140-4F75-A7B6-0DDEC9EB5112}.Release|Any CPU.Build.0 = Release|Any CPU
		{EDCD510C-0D97-45B7-8C0E-68F59166E33A}.Debug|Any CPU.ActiveCfg = Debug|Any CPU
		{EDCD510C-0D97-45B7-8C0E-68F59166E33A}.Debug|Any CPU.Build.0 = Debug|Any CPU
		{EDCD510C-0D97-45B7-8C0E-68F59166E33A}.Release|Any CPU.ActiveCfg = Release|Any CPU
		{EDCD510C-0D97-45B7-8C0E-68F59166E33A}.Release|Any CPU.Build.0 = Release|Any CPU
	EndGlobalSection
	GlobalSection(SolutionProperties) = preSolution
		HideSolutionNode = FALSE
	EndGlobalSection
	GlobalSection(ExtensibilityGlobals) = postSolution
		SolutionGuid = {389989E5-A02E-48C0-9553-08C2043F5832}
	EndGlobalSection
EndGlobal
